
Microsoft Visual Studio Solution File, Format Version 12.00
# Visual Studio Version 17
VisualStudioVersion = 17.7.34221.43
MinimumVisualStudioVersion = 10.0.40219.1
Project("{FAE04EC0-301F-11D3-BF4B-00C04F79EFBC}") = "Lab4B", "Lab4B\Lab4B.csproj", "{2A55CD9C-32DE-4C9A-8D89-7C1AF065AF16}"
EndProject
Global
	GlobalSection(SolutionConfigurationPlatforms) = preSolution
		Debug|Any CPU = Debug|Any CPU
		Release|Any CPU = Release|Any CPU
	EndGlobalSection
	GlobalSection(ProjectConfigurationPlatforms) = postSolution
		{2A55CD9C-32DE-4C9A-8D89-7C1AF065AF16}.Debug|Any CPU.ActiveCfg = Debug|Any CPU
		{2A55CD9C-32DE-4C9A-8D89-7C1AF065AF16}.Debug|Any CPU.Build.0 = Debug|Any CPU
		{2A55CD9C-32DE-4C9A-8D89-7C1AF065AF16}.Release|Any CPU.ActiveCfg = Release|Any CPU
		{2A55CD9C-32DE-4C9A-8D89-7C1AF065AF16}.Release|Any CPU.Build.0 = Release|Any CPU
	EndGlobalSection
	GlobalSection(SolutionProperties) = preSolution
		HideSolutionNode = FALSE
	EndGlobalSection
	GlobalSection(ExtensibilityGlobals) = postSolution
		SolutionGuid = {BCCA880C-7A6F-4374-AE00-D371B9D8832B}
	EndGlobalSection
EndGlobal
